{
  "lockfile_version": "1",
  "packages": {
    "clusterctl@latest": {
      "last_modified": "2024-07-20T09:11:00Z",
      "resolved": "github:NixOS/nixpkgs/6e14bbce7bea6c4efd7adfa88a40dac750d80100#clusterctl",
      "source": "devbox-search",
      "version": "1.7.4",
      "systems": {
        "aarch64-darwin": {
          "outputs": [
            {
              "name": "out",
              "path": "/nix/store/iv4w4acwl5gpp3cr4vmnx0950gp4374q-clusterctl-1.7.4",
              "default": true
            }
          ],
          "store_path": "/nix/store/iv4w4acwl5gpp3cr4vmnx0950gp4374q-clusterctl-1.7.4"
        },
        "aarch64-linux": {
          "outputs": [
            {
              "name": "out",
              "path": "/nix/store/h93rjqmlj512y5s5c7x1kpglmh2qqmnx-clusterctl-1.7.4",
              "default": true
            }
          ],
          "store_path": "/nix/store/h93rjqmlj512y5s5c7x1kpglmh2qqmnx-clusterctl-1.7.4"
        },
        "x86_64-darwin": {
          "outputs": [
            {
              "name": "out",
              "path": "/nix/store/04zp653g5111aa81wicdlaivmjcgn7ns-clusterctl-1.7.4",
              "default": true
            }
          ],
          "store_path": "/nix/store/04zp653g5111aa81wicdlaivmjcgn7ns-clusterctl-1.7.4"
        },
        "x86_64-linux": {
          "outputs": [
            {
              "name": "out",
              "path": "/nix/store/xv42ciazaaz8qs31gj89gfy0ghvjjdd6-clusterctl-1.7.4",
              "default": true
            }
          ],
          "store_path": "/nix/store/xv42ciazaaz8qs31gj89gfy0ghvjjdd6-clusterctl-1.7.4"
        }
      }
    },
    "ctlptl@0.8.43": {
      "last_modified": "2025-09-18T16:33:27Z",
      "resolved": "github:NixOS/nixpkgs/f4b140d5b253f5e2a1ff4e5506edbf8267724bde#ctlptl",
      "source": "devbox-search",
      "version": "0.8.43",
      "systems": {
        "aarch64-darwin": {
          "outputs": [
            {
              "name": "out",
              "path": "/nix/store/jzk600x9l72mv5cck9jkysaz97izg1q8-ctlptl-0.8.43",
              "default": true
            }
          ],
          "store_path": "/nix/store/jzk600x9l72mv5cck9jkysaz97izg1q8-ctlptl-0.8.43"
        },
        "aarch64-linux": {
          "outputs": [
            {
              "name": "out",
              "path": "/nix/store/fyi3iqk6fb7dpb8kdq6dsbg0cwly4n8n-ctlptl-0.8.43",
              "default": true
            }
          ],
          "store_path": "/nix/store/fyi3iqk6fb7dpb8kdq6dsbg0cwly4n8n-ctlptl-0.8.43"
        },
        "x86_64-darwin": {
          "outputs": [
            {
              "name": "out",
              "path": "/nix/store/lnhksn69p6scfvplnmnm053wih5535xq-ctlptl-0.8.43",
              "default": true
            }
          ],
          "store_path": "/nix/store/lnhksn69p6scfvplnmnm053wih5535xq-ctlptl-0.8.43"
        },
        "x86_64-linux": {
          "outputs": [
            {
              "name": "out",
              "path": "/nix/store/8jivpdnifwzdj4bmhhn20shi105c6qcf-ctlptl-0.8.43",
              "default": true
            }
          ],
          "store_path": "/nix/store/8jivpdnifwzdj4bmhhn20shi105c6qcf-ctlptl-0.8.43"
        }
      }
    },
    "envsubst@latest": {
      "last_modified": "2024-07-20T09:11:00Z",
      "resolved": "github:NixOS/nixpkgs/6e14bbce7bea6c4efd7adfa88a40dac750d80100#envsubst",
      "source": "devbox-search",
      "version": "1.4.2",
      "systems": {
        "aarch64-darwin": {
          "outputs": [
            {
              "name": "out",
              "path": "/nix/store/shbpgijq30463mwd130v8ps5r3srwrhl-envsubst-1.4.2",
              "default": true
            }
          ],
          "store_path": "/nix/store/shbpgijq30463mwd130v8ps5r3srwrhl-envsubst-1.4.2"
        },
        "aarch64-linux": {
          "outputs": [
            {
              "name": "out",
              "path": "/nix/store/wq0z5swg3yhnmh9i7wjwp9nlhb5vlvvf-envsubst-1.4.2",
              "default": true
            }
          ],
          "store_path": "/nix/store/wq0z5swg3yhnmh9i7wjwp9nlhb5vlvvf-envsubst-1.4.2"
        },
        "x86_64-darwin": {
          "outputs": [
            {
              "name": "out",
              "path": "/nix/store/5f9ywjnpxawwjv1rsw757jjjkhby0pkr-envsubst-1.4.2",
              "default": true
            }
          ],
          "store_path": "/nix/store/5f9ywjnpxawwjv1rsw757jjjkhby0pkr-envsubst-1.4.2"
        },
        "x86_64-linux": {
          "outputs": [
            {
              "name": "out",
              "path": "/nix/store/0bvggbkrg2gagl6agx481npzs9fqhxh9-envsubst-1.4.2",
              "default": true
            }
          ],
          "store_path": "/nix/store/0bvggbkrg2gagl6agx481npzs9fqhxh9-envsubst-1.4.2"
        }
      }
    },
    "ginkgo@latest": {
      "last_modified": "2024-07-27T00:41:21Z",
      "resolved": "github:NixOS/nixpkgs/48bacf585a51d953def8bff32087970f273052e2#ginkgo",
      "source": "devbox-search",
      "version": "2.19.1",
      "systems": {
        "aarch64-darwin": {
          "outputs": [
            {
              "name": "out",
              "path": "/nix/store/83hiwfi19f1gr0r4fhl957jyw65wvaig-ginkgo-2.19.1",
              "default": true
            }
          ],
          "store_path": "/nix/store/83hiwfi19f1gr0r4fhl957jyw65wvaig-ginkgo-2.19.1"
        },
        "aarch64-linux": {
          "outputs": [
            {
              "name": "out",
              "path": "/nix/store/i2qip2zd28vlqr1wcjpgiq7fd59dlsly-ginkgo-2.19.1",
              "default": true
            }
          ],
          "store_path": "/nix/store/i2qip2zd28vlqr1wcjpgiq7fd59dlsly-ginkgo-2.19.1"
        },
        "x86_64-darwin": {
          "outputs": [
            {
              "name": "out",
              "path": "/nix/store/7syipz9ww08qy7yivavpjxxrslhq4aqx-ginkgo-2.19.1",
              "default": true
            }
          ],
          "store_path": "/nix/store/7syipz9ww08qy7yivavpjxxrslhq4aqx-ginkgo-2.19.1"
        },
        "x86_64-linux": {
          "outputs": [
            {
              "name": "out",
              "path": "/nix/store/pyi1ih2c13rnkn1c04clbx9nxqbrfzwj-ginkgo-2.19.1",
              "default": true
            }
          ],
          "store_path": "/nix/store/pyi1ih2c13rnkn1c04clbx9nxqbrfzwj-ginkgo-2.19.1"
        }
      }
    },
    "github:NixOS/nixpkgs/nixpkgs-unstable": {
      "last_modified": "2025-04-13T09:22:33Z",
      "resolved": "github:NixOS/nixpkgs/18dd725c29603f582cf1900e0d25f9f1063dbf11?lastModified=1744536153&narHash=sha256-awS2zRgF4uTwrOKwwiJcByDzDOdo3Q1rPZbiHQg%2FN38%3D"
    },
    "go@1.24": {
      "last_modified": "2025-03-11T17:52:14Z",
      "resolved": "github:NixOS/nixpkgs/0d534853a55b5d02a4ababa1d71921ce8f0aee4c#go",
      "source": "devbox-search",
      "version": "1.24.1",
      "systems": {
        "aarch64-darwin": {
          "outputs": [
            {
              "name": "out",
              "path": "/nix/store/ja4jxx60lh1qfqfl4z4p2rff56ia1c3c-go-1.24.1",
              "default": true
            }
          ],
          "store_path": "/nix/store/ja4jxx60lh1qfqfl4z4p2rff56ia1c3c-go-1.24.1"
        },
        "aarch64-linux": {
          "outputs": [
            {
              "name": "out",
              "path": "/nix/store/6zvrmsmdg7p8yw3vii20g40b4zsh6kjr-go-1.24.1",
              "default": true
            }
          ],
          "store_path": "/nix/store/6zvrmsmdg7p8yw3vii20g40b4zsh6kjr-go-1.24.1"
        },
        "x86_64-darwin": {
          "outputs": [
            {
              "name": "out",
              "path": "/nix/store/2bcic1xcha2k11djynr488v3pg0nnghr-go-1.24.1",
              "default": true
            }
          ],
          "store_path": "/nix/store/2bcic1xcha2k11djynr488v3pg0nnghr-go-1.24.1"
        },
        "x86_64-linux": {
          "outputs": [
            {
              "name": "out",
              "path": "/nix/store/g29rrn8qqlg4yjqv543ryrkimr7fk43h-go-1.24.1",
              "default": true
            }
          ],
          "store_path": "/nix/store/g29rrn8qqlg4yjqv543ryrkimr7fk43h-go-1.24.1"
        }
      }
    },
    "jq@latest": {
      "last_modified": "2024-07-28T04:39:20Z",
      "resolved": "github:NixOS/nixpkgs/038fb464fcfa79b4f08131b07f2d8c9a6bcc4160#jq",
      "source": "devbox-search",
      "version": "1.7.1",
      "systems": {
        "aarch64-darwin": {
          "outputs": [
            {
              "name": "bin",
              "path": "/nix/store/5dsicv93i37c4rqr08r1zdj8dwpa63nj-jq-1.7.1-bin",
              "default": true
            },
            {
              "name": "man",
              "path": "/nix/store/jf3cf8rxhpc6l40sjcksarfk9nvnpmrw-jq-1.7.1-man",
              "default": true
            },
            {
              "name": "lib",
              "path": "/nix/store/wisxfshfsm2cg4raffilv38cgiqrlw45-jq-1.7.1-lib"
            },
            {
              "name": "out",
              "path": "/nix/store/5mzkysyi9h4bim5plq6d85zqiv3nb3bi-jq-1.7.1"
            },
            {
              "name": "dev",
              "path": "/nix/store/6ad6jxsm7478f0x8rq8rrdc4han7s80j-jq-1.7.1-dev"
            },
            {
              "name": "doc",
              "path": "/nix/store/bll94fwkzpm5sklfwj70848amgrjkrn0-jq-1.7.1-doc"
            }
          ],
          "store_path": "/nix/store/5dsicv93i37c4rqr08r1zdj8dwpa63nj-jq-1.7.1-bin"
        },
        "aarch64-linux": {
          "outputs": [
            {
              "name": "bin",
              "path": "/nix/store/hd0ngywgcjbn6jnmcnvm0d4lmg0s99l0-jq-1.7.1-bin",
              "default": true
            },
            {
              "name": "man",
              "path": "/nix/store/s4v2nw498ck1rwx2j90gks1ydix9ha3q-jq-1.7.1-man",
              "default": true
            },
            {
              "name": "out",
              "path": "/nix/store/fz0dc5yykkk2lh8d9kndsywqwl68aiy2-jq-1.7.1"
            },
            {
              "name": "dev",
              "path": "/nix/store/w9h3rnm5cgzj90xhbg4p8ki4ns8s0ikl-jq-1.7.1-dev"
            },
            {
              "name": "doc",
              "path": "/nix/store/a0c7dharmysjskkgp0zfkqp3z175b5pg-jq-1.7.1-doc"
            },
            {
              "name": "lib",
              "path": "/nix/store/pp2063qjgqik7k5d6iwwpc8wn52jbick-jq-1.7.1-lib"
            }
          ],
          "store_path": "/nix/store/hd0ngywgcjbn6jnmcnvm0d4lmg0s99l0-jq-1.7.1-bin"
        },
        "x86_64-darwin": {
          "outputs": [
            {
              "name": "bin",
              "path": "/nix/store/kwkps100pvk6s8is34bqp1ycydbn2v7a-jq-1.7.1-bin",
              "default": true
            },
            {
              "name": "man",
              "path": "/nix/store/x46yqlsn1357pcpm7nvbrs863aak2pyb-jq-1.7.1-man",
              "default": true
            },
            {
              "name": "dev",
              "path": "/nix/store/69z4pdr45l1ixix3bjnfyfy1wqfshmby-jq-1.7.1-dev"
            },
            {
              "name": "doc",
              "path": "/nix/store/6qlmlhii37fxxc36c54z5jb3xqjk2fp8-jq-1.7.1-doc"
            },
            {
              "name": "lib",
              "path": "/nix/store/61l4nqvpfpx7ilk9xdjbn2y8knk72kv4-jq-1.7.1-lib"
            },
            {
              "name": "out",
              "path": "/nix/store/5pl3gvxdjpvig6cvv77fzg8asaalx07d-jq-1.7.1"
            }
          ],
          "store_path": "/nix/store/kwkps100pvk6s8is34bqp1ycydbn2v7a-jq-1.7.1-bin"
        },
        "x86_64-linux": {
          "outputs": [
            {
              "name": "bin",
              "path": "/nix/store/axpqa3f5l63mc38h11x1gc5cykw8bn5i-jq-1.7.1-bin",
              "default": true
            },
            {
              "name": "man",
              "path": "/nix/store/wfmw87vqkz2xifc9sb0gvnad1l73qk6v-jq-1.7.1-man",
              "default": true
            },
            {
              "name": "doc",
              "path": "/nix/store/7nx4qp08rd6f92iw377lzrvdhpzslrvy-jq-1.7.1-doc"
            },
            {
              "name": "lib",
              "path": "/nix/store/133fxjd0mqf8x720c2a8cp9175ma0n9x-jq-1.7.1-lib"
            },
            {
              "name": "out",
              "path": "/nix/store/iw31k4crvrhmgykdxy0dyz632h2jhzkz-jq-1.7.1"
            },
            {
              "name": "dev",
              "path": "/nix/store/nnawicd7asp8mn0gsp8j0gxd81y1jasr-jq-1.7.1-dev"
            }
          ],
          "store_path": "/nix/store/axpqa3f5l63mc38h11x1gc5cykw8bn5i-jq-1.7.1-bin"
        }
      }
    },
    "kind@latest": {
      "last_modified": "2024-07-20T09:11:00Z",
      "resolved": "github:NixOS/nixpkgs/6e14bbce7bea6c4efd7adfa88a40dac750d80100#kind",
      "source": "devbox-search",
      "version": "0.23.0",
      "systems": {
        "aarch64-darwin": {
          "outputs": [
            {
              "name": "out",
              "path": "/nix/store/kn3x8vljiwhbz2p9fh6dhvff2r57m892-kind-0.23.0",
              "default": true
            }
          ],
          "store_path": "/nix/store/kn3x8vljiwhbz2p9fh6dhvff2r57m892-kind-0.23.0"
        },
        "aarch64-linux": {
          "outputs": [
            {
              "name": "out",
              "path": "/nix/store/pwmwgq2jfnxhzg7n7f4bl7b0pqjdiw5s-kind-0.23.0",
              "default": true
            }
          ],
          "store_path": "/nix/store/pwmwgq2jfnxhzg7n7f4bl7b0pqjdiw5s-kind-0.23.0"
        },
        "x86_64-darwin": {
          "outputs": [
            {
              "name": "out",
              "path": "/nix/store/4ifhijdnd34mzl5laq19racpny4056a0-kind-0.23.0",
              "default": true
            }
          ],
          "store_path": "/nix/store/4ifhijdnd34mzl5laq19racpny4056a0-kind-0.23.0"
        },
        "x86_64-linux": {
          "outputs": [
            {
              "name": "out",
              "path": "/nix/store/myyvm5vrs2axpahfw74bgpax6fw7nmxa-kind-0.23.0",
              "default": true
            }
          ],
          "store_path": "/nix/store/myyvm5vrs2axpahfw74bgpax6fw7nmxa-kind-0.23.0"
        }
      }
    },
    "kubectl@1.34.1": {
      "last_modified": "2025-10-07T08:41:47Z",
      "resolved": "github:NixOS/nixpkgs/bce5fe2bb998488d8e7e7856315f90496723793c#kubectl",
      "source": "devbox-search",
      "version": "1.34.1",
      "systems": {
        "aarch64-darwin": {
          "outputs": [
            {
              "name": "out",
              "path": "/nix/store/2ih54prydy1k2s0zsjhkplk8sgcj95kc-kubectl-1.34.1",
              "default": true
            },
            {
              "name": "man",
              "path": "/nix/store/3rvrkr29q5rsb9scrxaw7bnxqplj8lzc-kubectl-1.34.1-man",
              "default": true
            },
            {
              "name": "convert",
              "path": "/nix/store/3xinznz678q5layrhy76q8chl9g7q0m6-kubectl-1.34.1-convert"
            }
          ],
          "store_path": "/nix/store/2ih54prydy1k2s0zsjhkplk8sgcj95kc-kubectl-1.34.1"
        },
        "aarch64-linux": {
          "outputs": [
            {
              "name": "out",
              "path": "/nix/store/kwyzcnrnmp32rh8yamhckddjnsyb7wv8-kubectl-1.34.1",
              "default": true
            },
            {
              "name": "man",
              "path": "/nix/store/1lib1cii7f7ks82bgq3shf3pa4bvfwlw-kubectl-1.34.1-man",
              "default": true
            },
            {
              "name": "convert",
              "path": "/nix/store/b2i2xpyf726nvf0wznanvk9wx4kyhxn0-kubectl-1.34.1-convert"
            }
          ],
          "store_path": "/nix/store/kwyzcnrnmp32rh8yamhckddjnsyb7wv8-kubectl-1.34.1"
        },
        "x86_64-darwin": {
          "outputs": [
            {
              "name": "out",
              "path": "/nix/store/nsldgqqryn057z8356yip0lxnhhn7azy-kubectl-1.34.1",
              "default": true
            },
            {
              "name": "man",
              "path": "/nix/store/97ky0g57awcjskva2zyyczqvg5ab9iq4-kubectl-1.34.1-man",
              "default": true
            },
            {
              "name": "convert",
              "path": "/nix/store/wwy8yalmwwz6m2rjc2fasdihc83gh9kv-kubectl-1.34.1-convert"
            }
          ],
          "store_path": "/nix/store/nsldgqqryn057z8356yip0lxnhhn7azy-kubectl-1.34.1"
        },
        "x86_64-linux": {
          "outputs": [
            {
              "name": "out",
              "path": "/nix/store/5fs5bi2b03j7b1s05h317iszhm8q23x7-kubectl-1.34.1",
              "default": true
            },
            {
              "name": "man",
              "path": "/nix/store/zsl5hlc1rgy52ljdkl0f5vfcp4vfs9gr-kubectl-1.34.1-man",
              "default": true
            },
            {
              "name": "convert",
              "path": "/nix/store/0xapfmzqh1lwmm7xkwca43k5pr65p32b-kubectl-1.34.1-convert"
            }
          ],
          "store_path": "/nix/store/5fs5bi2b03j7b1s05h317iszhm8q23x7-kubectl-1.34.1"
        }
      }
    },
    "kustomize@latest": {
      "last_modified": "2024-07-21T11:05:48Z",
      "resolved": "github:NixOS/nixpkgs/c19d62ad2265b16e2199c5feb4650fe459ca1c46#kustomize",
      "source": "devbox-search",
      "version": "5.4.3",
      "systems": {
        "aarch64-darwin": {
          "outputs": [
            {
              "name": "out",
              "path": "/nix/store/9nc6q2v7wi0gwjw0wv3vwclacga02y99-kustomize-5.4.3",
              "default": true
            }
          ],
          "store_path": "/nix/store/9nc6q2v7wi0gwjw0wv3vwclacga02y99-kustomize-5.4.3"
        },
        "aarch64-linux": {
          "outputs": [
            {
              "name": "out",
              "path": "/nix/store/6ksbhfg0pi2a1j5mvz2cmgppklh4mdjw-kustomize-5.4.3",
              "default": true
            }
          ],
          "store_path": "/nix/store/6ksbhfg0pi2a1j5mvz2cmgppklh4mdjw-kustomize-5.4.3"
        },
        "x86_64-darwin": {
          "outputs": [
            {
              "name": "out",
              "path": "/nix/store/n5y8f6rjaidxsd4hqsx44kdsd9nqmmx6-kustomize-5.4.3",
              "default": true
            }
          ],
          "store_path": "/nix/store/n5y8f6rjaidxsd4hqsx44kdsd9nqmmx6-kustomize-5.4.3"
        },
        "x86_64-linux": {
          "outputs": [
            {
              "name": "out",
              "path": "/nix/store/lhzpalmniskqs15qdi9l887sc2a5v3sb-kustomize-5.4.3",
              "default": true
            }
          ],
          "store_path": "/nix/store/lhzpalmniskqs15qdi9l887sc2a5v3sb-kustomize-5.4.3"
        }
      }
    },
    "kyverno-chainsaw@latest": {
      "last_modified": "2024-08-04T20:22:49Z",
      "resolved": "github:NixOS/nixpkgs/785feb91183a50959823ff9ba9ef673105259cd5#kyverno-chainsaw",
      "source": "devbox-search",
      "version": "0.2.8",
      "systems": {
        "aarch64-darwin": {
          "outputs": [
            {
              "name": "out",
              "path": "/nix/store/s936rk3w5q9cy9dsf5pzvbzrfcxlra28-kyverno-chainsaw-0.2.8",
              "default": true
            }
          ],
          "store_path": "/nix/store/s936rk3w5q9cy9dsf5pzvbzrfcxlra28-kyverno-chainsaw-0.2.8"
        },
        "aarch64-linux": {
          "outputs": [
            {
              "name": "out",
              "path": "/nix/store/nxsgb60xpklraqzp7a03fygrbgp7268z-kyverno-chainsaw-0.2.8",
              "default": true
            }
          ],
          "store_path": "/nix/store/nxsgb60xpklraqzp7a03fygrbgp7268z-kyverno-chainsaw-0.2.8"
        },
        "x86_64-darwin": {
          "outputs": [
            {
              "name": "out",
              "path": "/nix/store/740l73xgnnvxg6jf7m71hb2wn7n0g7i9-kyverno-chainsaw-0.2.8",
              "default": true
            }
          ],
          "store_path": "/nix/store/740l73xgnnvxg6jf7m71hb2wn7n0g7i9-kyverno-chainsaw-0.2.8"
        },
        "x86_64-linux": {
          "outputs": [
            {
              "name": "out",
              "path": "/nix/store/pa6m7rggwb7z7hdgb8c6cz0qn56vdyqc-kyverno-chainsaw-0.2.8",
              "default": true
            }
          ],
          "store_path": "/nix/store/pa6m7rggwb7z7hdgb8c6cz0qn56vdyqc-kyverno-chainsaw-0.2.8"
        }
      }
    },
    "mockgen@latest": {
      "last_modified": "2024-07-20T09:11:00Z",
      "resolved": "github:NixOS/nixpkgs/6e14bbce7bea6c4efd7adfa88a40dac750d80100#mockgen",
      "source": "devbox-search",
      "version": "0.4.0",
      "systems": {
        "aarch64-darwin": {
          "outputs": [
            {
              "name": "out",
              "path": "/nix/store/k2s5hjmbix6qixwbfgwl6dvpsdyp8pjg-mockgen-0.4.0",
              "default": true
            }
          ],
          "store_path": "/nix/store/k2s5hjmbix6qixwbfgwl6dvpsdyp8pjg-mockgen-0.4.0"
        },
        "aarch64-linux": {
          "outputs": [
            {
              "name": "out",
              "path": "/nix/store/y4scifjvhv60ac004rpp0x7k6ckhkg46-mockgen-0.4.0",
              "default": true
            }
          ],
          "store_path": "/nix/store/y4scifjvhv60ac004rpp0x7k6ckhkg46-mockgen-0.4.0"
        },
        "x86_64-darwin": {
          "outputs": [
            {
              "name": "out",
              "path": "/nix/store/mj1la5vzsbhpqnp607waa9wypkjra5wd-mockgen-0.4.0",
              "default": true
            }
          ],
          "store_path": "/nix/store/mj1la5vzsbhpqnp607waa9wypkjra5wd-mockgen-0.4.0"
        },
        "x86_64-linux": {
          "outputs": [
            {
              "name": "out",
              "path": "/nix/store/jw5dv0yf0h9zpi8rc20dmkxg5b4w1xga-mockgen-0.4.0",
              "default": true
            }
          ],
          "store_path": "/nix/store/jw5dv0yf0h9zpi8rc20dmkxg5b4w1xga-mockgen-0.4.0"
        }
      }
    },
    "openssl@latest": {
      "last_modified": "2024-08-04T20:22:49Z",
      "resolved": "github:NixOS/nixpkgs/785feb91183a50959823ff9ba9ef673105259cd5#openssl",
      "source": "devbox-search",
      "version": "3.0.14",
      "systems": {
        "aarch64-darwin": {
          "outputs": [
            {
              "name": "bin",
              "path": "/nix/store/mgd2rx0z9v41bg860k20g0vs4b6l5hma-openssl-3.0.14-bin",
              "default": true
            },
            {
              "name": "man",
              "path": "/nix/store/5q9m4398cd1vvm3bglm600jg297jgpbk-openssl-3.0.14-man",
              "default": true
            },
            {
              "name": "dev",
              "path": "/nix/store/62089ajdd9nllw4shds5p0yv9awp2590-openssl-3.0.14-dev"
            },
            {
              "name": "doc",
              "path": "/nix/store/hr145gwg3p9crrbvg5frxd2fpfk83yzc-openssl-3.0.14-doc"
            },
            {
              "name": "out",
              "path": "/nix/store/zyrq8llafvxs3nlwpf9fmk4qqm9gw06s-openssl-3.0.14"
            }
          ],
          "store_path": "/nix/store/mgd2rx0z9v41bg860k20g0vs4b6l5hma-openssl-3.0.14-bin"
        },
        "aarch64-linux": {
          "outputs": [
            {
              "name": "bin",
              "path": "/nix/store/38gnbrihj87mcjbkpnmdfm9nmqja7jrj-openssl-3.0.14-bin",
              "default": true
            },
            {
              "name": "man",
              "path": "/nix/store/1622waihsqyl1xwa3ndr8wfiplyq47sk-openssl-3.0.14-man",
              "default": true
            },
            {
              "name": "debug",
              "path": "/nix/store/8p4ymgpvybffn0bfqgwhpjfz3cfkw047-openssl-3.0.14-debug"
            },
            {
              "name": "dev",
              "path": "/nix/store/vgga6f75b56005gzg43rmpp9y7q9kpmq-openssl-3.0.14-dev"
            },
            {
              "name": "doc",
              "path": "/nix/store/6dgixbf97khv8q1qa0v3sm3jsb2gnjyc-openssl-3.0.14-doc"
            },
            {
              "name": "out",
              "path": "/nix/store/fqgfzdll5asbnd54x2rn97h31r0g2626-openssl-3.0.14"
            }
          ],
          "store_path": "/nix/store/38gnbrihj87mcjbkpnmdfm9nmqja7jrj-openssl-3.0.14-bin"
        },
        "x86_64-darwin": {
          "outputs": [
            {
              "name": "bin",
              "path": "/nix/store/dzy9i5dy20gpsaic81rzsknclbkw2ky7-openssl-3.0.14-bin",
              "default": true
            },
            {
              "name": "man",
              "path": "/nix/store/vs9i3cmn9k3543n27pih1wjk7qri1fz9-openssl-3.0.14-man",
              "default": true
            },
            {
              "name": "out",
              "path": "/nix/store/bhvcy3cdf0xmkslzxdjvyamj5f4p9jik-openssl-3.0.14"
            },
            {
              "name": "dev",
              "path": "/nix/store/qjc0fa479vyrps7vp35sknk6pc1hv98w-openssl-3.0.14-dev"
            },
            {
              "name": "doc",
              "path": "/nix/store/wcrlbp5dv79359v06gfljh2f75najq1v-openssl-3.0.14-doc"
            }
          ],
          "store_path": "/nix/store/dzy9i5dy20gpsaic81rzsknclbkw2ky7-openssl-3.0.14-bin"
        },
        "x86_64-linux": {
          "outputs": [
            {
              "name": "bin",
              "path": "/nix/store/xpwwq5yjkbsip1p027jgdbzm9pvzfb1v-openssl-3.0.14-bin",
              "default": true
            },
            {
              "name": "man",
              "path": "/nix/store/q83r4g4pxcqdhhdaqm0b5nlpb0g999n2-openssl-3.0.14-man",
              "default": true
            },
            {
              "name": "debug",
              "path": "/nix/store/30kil6c5v83ws23dhc0wjvcl8j0ffgzf-openssl-3.0.14-debug"
            },
            {
              "name": "dev",
              "path": "/nix/store/bvrly5zpaqxydbfnx3dm4i7k8cbkrp32-openssl-3.0.14-dev"
            },
            {
              "name": "doc",
              "path": "/nix/store/aks9bf802vhb52chs6szayw3j81nq8j0-openssl-3.0.14-doc"
            },
            {
              "name": "out",
              "path": "/nix/store/1zd8iqbcl36rliw0bbf9wn4ca31rqz5c-openssl-3.0.14"
            }
          ],
          "store_path": "/nix/store/xpwwq5yjkbsip1p027jgdbzm9pvzfb1v-openssl-3.0.14-bin"
        }
      }
    },
    "yq-go@latest": {
      "last_modified": "2024-07-20T09:11:00Z",
      "resolved": "github:NixOS/nixpkgs/6e14bbce7bea6c4efd7adfa88a40dac750d80100#yq-go",
      "source": "devbox-search",
      "version": "4.44.2",
      "systems": {
        "aarch64-darwin": {
          "outputs": [
            {
              "name": "out",
              "path": "/nix/store/9ligkp5qi70iw6fkbvwndd4i0q7wsnnm-yq-go-4.44.2",
              "default": true
            }
          ],
          "store_path": "/nix/store/9ligkp5qi70iw6fkbvwndd4i0q7wsnnm-yq-go-4.44.2"
        },
        "aarch64-linux": {
          "outputs": [
            {
              "name": "out",
              "path": "/nix/store/j7q1m9plx6dz6yhqakvm55gdssy9mm77-yq-go-4.44.2",
              "default": true
            }
          ],
          "store_path": "/nix/store/j7q1m9plx6dz6yhqakvm55gdssy9mm77-yq-go-4.44.2"
        },
        "x86_64-darwin": {
          "outputs": [
            {
              "name": "out",
              "path": "/nix/store/6s1pxmck5vfqsjwiq3xfrk22sh8s34cs-yq-go-4.44.2",
              "default": true
            }
          ],
          "store_path": "/nix/store/6s1pxmck5vfqsjwiq3xfrk22sh8s34cs-yq-go-4.44.2"
        },
        "x86_64-linux": {
          "outputs": [
            {
              "name": "out",
              "path": "/nix/store/5acb6ayzsgd0s19ic88rgn6x7xaygffn-yq-go-4.44.2",
              "default": true
            }
          ],
          "store_path": "/nix/store/5acb6ayzsgd0s19ic88rgn6x7xaygffn-yq-go-4.44.2"
        }
      }
    }
  }
}
