{
  "lockfile_version": "1",
  "packages": {
    "clusterctl@1.11.2": {
      "last_modified": "2025-10-09T02:37:25Z",
      "resolved": "github:NixOS/nixpkgs/2dad7af78a183b6c486702c18af8a9544f298377#clusterctl",
      "source": "devbox-search",
      "version": "1.11.2",
      "systems": {
        "aarch64-darwin": {
          "outputs": [
            {
              "name": "out",
              "path": "/nix/store/s8w7v883hdvvsnz6zwj130map9zrz48w-clusterctl-1.11.2",
              "default": true
            }
          ],
          "store_path": "/nix/store/s8w7v883hdvvsnz6zwj130map9zrz48w-clusterctl-1.11.2"
        },
        "aarch64-linux": {
          "outputs": [
            {
              "name": "out",
              "path": "/nix/store/hng6254701qjj6bc33305kabwc7l2srb-clusterctl-1.11.2",
              "default": true
            }
          ],
          "store_path": "/nix/store/hng6254701qjj6bc33305kabwc7l2srb-clusterctl-1.11.2"
        },
        "x86_64-darwin": {
          "outputs": [
            {
              "name": "out",
              "path": "/nix/store/lcsnv5yywzlxrxd6yy9yc01xdbxhvm4z-clusterctl-1.11.2",
              "default": true
            }
          ],
          "store_path": "/nix/store/lcsnv5yywzlxrxd6yy9yc01xdbxhvm4z-clusterctl-1.11.2"
        },
        "x86_64-linux": {
          "outputs": [
            {
              "name": "out",
              "path": "/nix/store/6an4s41l067zj8qcdfimlii6xb8zqrc5-clusterctl-1.11.2",
              "default": true
            }
          ],
          "store_path": "/nix/store/6an4s41l067zj8qcdfimlii6xb8zqrc5-clusterctl-1.11.2"
        }
      }
    },
    "ctlptl@0.8.43": {
      "last_modified": "2025-09-18T16:33:27Z",
      "resolved": "github:NixOS/nixpkgs/f4b140d5b253f5e2a1ff4e5506edbf8267724bde#ctlptl",
      "source": "devbox-search",
      "version": "0.8.43",
      "systems": {
        "aarch64-darwin": {
          "outputs": [
            {
              "name": "out",
              "path": "/nix/store/jzk600x9l72mv5cck9jkysaz97izg1q8-ctlptl-0.8.43",
              "default": true
            }
          ],
          "store_path": "/nix/store/jzk600x9l72mv5cck9jkysaz97izg1q8-ctlptl-0.8.43"
        },
        "aarch64-linux": {
          "outputs": [
            {
              "name": "out",
              "path": "/nix/store/fyi3iqk6fb7dpb8kdq6dsbg0cwly4n8n-ctlptl-0.8.43",
              "default": true
            }
          ],
          "store_path": "/nix/store/fyi3iqk6fb7dpb8kdq6dsbg0cwly4n8n-ctlptl-0.8.43"
        },
        "x86_64-darwin": {
          "outputs": [
            {
              "name": "out",
              "path": "/nix/store/lnhksn69p6scfvplnmnm053wih5535xq-ctlptl-0.8.43",
              "default": true
            }
          ],
          "store_path": "/nix/store/lnhksn69p6scfvplnmnm053wih5535xq-ctlptl-0.8.43"
        },
        "x86_64-linux": {
          "outputs": [
            {
              "name": "out",
              "path": "/nix/store/8jivpdnifwzdj4bmhhn20shi105c6qcf-ctlptl-0.8.43",
              "default": true
            }
          ],
          "store_path": "/nix/store/8jivpdnifwzdj4bmhhn20shi105c6qcf-ctlptl-0.8.43"
        }
      }
    },
    "envsubst@1.4.3": {
      "last_modified": "2025-10-07T08:41:47Z",
      "resolved": "github:NixOS/nixpkgs/bce5fe2bb998488d8e7e7856315f90496723793c#envsubst",
      "source": "devbox-search",
      "version": "1.4.3",
      "systems": {
        "aarch64-darwin": {
          "outputs": [
            {
              "name": "out",
              "path": "/nix/store/xqrq40308q2yppxh56rrdi94s200by8c-envsubst-1.4.3",
              "default": true
            }
          ],
          "store_path": "/nix/store/xqrq40308q2yppxh56rrdi94s200by8c-envsubst-1.4.3"
        },
        "aarch64-linux": {
          "outputs": [
            {
              "name": "out",
              "path": "/nix/store/lpa03zaqjhy0jgnbj44cb8n0fjy09aj9-envsubst-1.4.3",
              "default": true
            }
          ],
          "store_path": "/nix/store/lpa03zaqjhy0jgnbj44cb8n0fjy09aj9-envsubst-1.4.3"
        },
        "x86_64-darwin": {
          "outputs": [
            {
              "name": "out",
              "path": "/nix/store/mniq0pl58xmk85p0zv7i05s93b3fj06d-envsubst-1.4.3",
              "default": true
            }
          ],
          "store_path": "/nix/store/mniq0pl58xmk85p0zv7i05s93b3fj06d-envsubst-1.4.3"
        },
        "x86_64-linux": {
          "outputs": [
            {
              "name": "out",
              "path": "/nix/store/4mad7380cdpb72h0gpd042kp7lygf0gl-envsubst-1.4.3",
              "default": true
            }
          ],
          "store_path": "/nix/store/4mad7380cdpb72h0gpd042kp7lygf0gl-envsubst-1.4.3"
        }
      }
    },
    "ginkgo@2.26.0": {
      "last_modified": "2025-10-07T08:41:47Z",
      "resolved": "github:NixOS/nixpkgs/bce5fe2bb998488d8e7e7856315f90496723793c#ginkgo",
      "source": "devbox-search",
      "version": "2.26.0",
      "systems": {
        "aarch64-darwin": {
          "outputs": [
            {
              "name": "out",
              "path": "/nix/store/qh2askxczf6jg5kfw1szj7pvah55zaiq-ginkgo-2.26.0",
              "default": true
            }
          ],
          "store_path": "/nix/store/qh2askxczf6jg5kfw1szj7pvah55zaiq-ginkgo-2.26.0"
        },
        "aarch64-linux": {
          "outputs": [
            {
              "name": "out",
              "path": "/nix/store/c062naqrwxz3ymxyly1n5zgzzgmkbhlh-ginkgo-2.26.0",
              "default": true
            }
          ],
          "store_path": "/nix/store/c062naqrwxz3ymxyly1n5zgzzgmkbhlh-ginkgo-2.26.0"
        },
        "x86_64-darwin": {
          "outputs": [
            {
              "name": "out",
              "path": "/nix/store/k2fnnd6kwxwqb6zjrv6c3zx4snpd801q-ginkgo-2.26.0",
              "default": true
            }
          ],
          "store_path": "/nix/store/k2fnnd6kwxwqb6zjrv6c3zx4snpd801q-ginkgo-2.26.0"
        },
        "x86_64-linux": {
          "outputs": [
            {
              "name": "out",
              "path": "/nix/store/djlbfs24cqyxyr25ym2k2j691zrs88z7-ginkgo-2.26.0",
              "default": true
            }
          ],
          "store_path": "/nix/store/djlbfs24cqyxyr25ym2k2j691zrs88z7-ginkgo-2.26.0"
        }
      }
    },
    "github:NixOS/nixpkgs/nixpkgs-unstable": {
      "last_modified": "2025-04-13T09:22:33Z",
      "resolved": "github:NixOS/nixpkgs/18dd725c29603f582cf1900e0d25f9f1063dbf11?lastModified=1744536153&narHash=sha256-awS2zRgF4uTwrOKwwiJcByDzDOdo3Q1rPZbiHQg%2FN38%3D"
    },
    "go@1.25.1": {
      "last_modified": "2025-10-07T08:41:47Z",
      "resolved": "github:NixOS/nixpkgs/bce5fe2bb998488d8e7e7856315f90496723793c#go",
      "source": "devbox-search",
      "version": "1.25.1",
      "systems": {
        "aarch64-darwin": {
          "outputs": [
            {
              "name": "out",
              "path": "/nix/store/mkdfnr1nkfj2kznxyag9pypbxp3wqqdv-go-1.25.1",
              "default": true
            }
          ],
          "store_path": "/nix/store/mkdfnr1nkfj2kznxyag9pypbxp3wqqdv-go-1.25.1"
        },
        "aarch64-linux": {
          "outputs": [
            {
              "name": "out",
              "path": "/nix/store/0jzj8p7k9wkr4l17sgrlg3z5di27sggf-go-1.25.1",
              "default": true
            }
          ],
          "store_path": "/nix/store/0jzj8p7k9wkr4l17sgrlg3z5di27sggf-go-1.25.1"
        },
        "x86_64-darwin": {
          "outputs": [
            {
              "name": "out",
              "path": "/nix/store/q2xylk8h3kbfajhw2lpdmyzyyqgqx8fl-go-1.25.1",
              "default": true
            }
          ],
          "store_path": "/nix/store/q2xylk8h3kbfajhw2lpdmyzyyqgqx8fl-go-1.25.1"
        },
        "x86_64-linux": {
          "outputs": [
            {
              "name": "out",
              "path": "/nix/store/f01qkydd3c2jqwi4w6hkddkf3blp16kw-go-1.25.1",
              "default": true
            }
          ],
          "store_path": "/nix/store/f01qkydd3c2jqwi4w6hkddkf3blp16kw-go-1.25.1"
        }
      }
    },
    "jq@1.8.1": {
      "last_modified": "2025-10-13T09:56:54Z",
      "resolved": "github:NixOS/nixpkgs/c12c63cd6c5eb34c7b4c3076c6a99e00fcab86ec#jq",
      "source": "devbox-search",
      "version": "1.8.1",
      "systems": {
        "aarch64-darwin": {
          "outputs": [
            {
              "name": "bin",
              "path": "/nix/store/cvw7i7807zffz5pn6sjncyp1wkwbgxzm-jq-1.8.1-bin",
              "default": true
            },
            {
              "name": "man",
              "path": "/nix/store/v97vjz6sgnah1i85s9vvjb2cxjah4vyd-jq-1.8.1-man",
              "default": true
            },
            {
              "name": "dev",
              "path": "/nix/store/bsi7cf9lk3i4zyv7s0i2hpgy4ifgqvdy-jq-1.8.1-dev"
            },
            {
              "name": "doc",
              "path": "/nix/store/jp8v5mjg55vxcjqzcc3g4csl5hdym0c8-jq-1.8.1-doc"
            },
            {
              "name": "out",
              "path": "/nix/store/j1wzyw1jrlg7kvbxrizvsn0s03zywgka-jq-1.8.1"
            }
          ],
          "store_path": "/nix/store/cvw7i7807zffz5pn6sjncyp1wkwbgxzm-jq-1.8.1-bin"
        },
        "aarch64-linux": {
          "outputs": [
            {
              "name": "bin",
              "path": "/nix/store/p9fcj9s7x82v83sdknjrg40jkl4rvn18-jq-1.8.1-bin",
              "default": true
            },
            {
              "name": "man",
              "path": "/nix/store/5asinq45hb2rdaqxsm35sxq568z19i7v-jq-1.8.1-man",
              "default": true
            },
            {
              "name": "dev",
              "path": "/nix/store/m49lxha1r6qyylhkbvkg53kky6bffqp1-jq-1.8.1-dev"
            },
            {
              "name": "doc",
              "path": "/nix/store/14yqvw1kq0mbsnjnza1malqxr40plzq2-jq-1.8.1-doc"
            },
            {
              "name": "out",
              "path": "/nix/store/hv5xwipvr0lyhgii8w532250a6zl29s6-jq-1.8.1"
            }
          ],
          "store_path": "/nix/store/p9fcj9s7x82v83sdknjrg40jkl4rvn18-jq-1.8.1-bin"
        },
        "x86_64-darwin": {
          "outputs": [
            {
              "name": "bin",
              "path": "/nix/store/5w2pssdswkc41rsvn5mklfs2v07nl609-jq-1.8.1-bin",
              "default": true
            },
            {
              "name": "man",
              "path": "/nix/store/xnafw5gzwy0aycpqc3vmldjm1p2qjqh0-jq-1.8.1-man",
              "default": true
            },
            {
              "name": "dev",
              "path": "/nix/store/ni5787yy9q4gqgrd5s20pl3kswb1m580-jq-1.8.1-dev"
            },
            {
              "name": "doc",
              "path": "/nix/store/wfxzfhazy5q9b5azir5kaxf6d8l1axir-jq-1.8.1-doc"
            },
            {
              "name": "out",
              "path": "/nix/store/cwyjwb25xy3kj2r873rm5g8rkd5l68r1-jq-1.8.1"
            }
          ],
          "store_path": "/nix/store/5w2pssdswkc41rsvn5mklfs2v07nl609-jq-1.8.1-bin"
        },
        "x86_64-linux": {
          "outputs": [
            {
              "name": "bin",
              "path": "/nix/store/6y8c4kikq5nka2qnza009j03bvkx2l5l-jq-1.8.1-bin",
              "default": true
            },
            {
              "name": "man",
              "path": "/nix/store/gkl03xki3msw3dylzji7gkiwnxmk3pdp-jq-1.8.1-man",
              "default": true
            },
            {
              "name": "dev",
              "path": "/nix/store/356jlk3akii9kwkb4hmh5xx2mkrb6nqi-jq-1.8.1-dev"
            },
            {
              "name": "doc",
              "path": "/nix/store/fm9ffa3r4l8i5gl24xj8cm0ggys8sz7j-jq-1.8.1-doc"
            },
            {
              "name": "out",
              "path": "/nix/store/brz9jqz43dpvb0ia8idhjlxpccplldpq-jq-1.8.1"
            }
          ],
          "store_path": "/nix/store/6y8c4kikq5nka2qnza009j03bvkx2l5l-jq-1.8.1-bin"
        }
      }
    },
    "kind@0.30.0": {
      "last_modified": "2025-10-07T08:41:47Z",
      "resolved": "github:NixOS/nixpkgs/bce5fe2bb998488d8e7e7856315f90496723793c#kind",
      "source": "devbox-search",
      "version": "0.30.0",
      "systems": {
        "aarch64-darwin": {
          "outputs": [
            {
              "name": "out",
              "path": "/nix/store/7j497fgkwc6hf0s6r4fhv039l5fvr9hp-kind-0.30.0",
              "default": true
            }
          ],
          "store_path": "/nix/store/7j497fgkwc6hf0s6r4fhv039l5fvr9hp-kind-0.30.0"
        },
        "aarch64-linux": {
          "outputs": [
            {
              "name": "out",
              "path": "/nix/store/7hyylmh4wwq2wviykzcjgvpsgcc3fy6f-kind-0.30.0",
              "default": true
            }
          ],
          "store_path": "/nix/store/7hyylmh4wwq2wviykzcjgvpsgcc3fy6f-kind-0.30.0"
        },
        "x86_64-darwin": {
          "outputs": [
            {
              "name": "out",
              "path": "/nix/store/fzpysk98r712zr79y4a64vyzqkg165rv-kind-0.30.0",
              "default": true
            }
          ],
          "store_path": "/nix/store/fzpysk98r712zr79y4a64vyzqkg165rv-kind-0.30.0"
        },
        "x86_64-linux": {
          "outputs": [
            {
              "name": "out",
              "path": "/nix/store/xlf4bljz86yn20ipha6a5a66xh440z52-kind-0.30.0",
              "default": true
            }
          ],
          "store_path": "/nix/store/xlf4bljz86yn20ipha6a5a66xh440z52-kind-0.30.0"
        }
      }
    },
    "kubectl@1.34.1": {
      "last_modified": "2025-10-07T08:41:47Z",
      "resolved": "github:NixOS/nixpkgs/bce5fe2bb998488d8e7e7856315f90496723793c#kubectl",
      "source": "devbox-search",
      "version": "1.34.1",
      "systems": {
        "aarch64-darwin": {
          "outputs": [
            {
              "name": "out",
              "path": "/nix/store/2ih54prydy1k2s0zsjhkplk8sgcj95kc-kubectl-1.34.1",
              "default": true
            },
            {
              "name": "man",
              "path": "/nix/store/3rvrkr29q5rsb9scrxaw7bnxqplj8lzc-kubectl-1.34.1-man",
              "default": true
            },
            {
              "name": "convert",
              "path": "/nix/store/3xinznz678q5layrhy76q8chl9g7q0m6-kubectl-1.34.1-convert"
            }
          ],
          "store_path": "/nix/store/2ih54prydy1k2s0zsjhkplk8sgcj95kc-kubectl-1.34.1"
        },
        "aarch64-linux": {
          "outputs": [
            {
              "name": "out",
              "path": "/nix/store/kwyzcnrnmp32rh8yamhckddjnsyb7wv8-kubectl-1.34.1",
              "default": true
            },
            {
              "name": "man",
              "path": "/nix/store/1lib1cii7f7ks82bgq3shf3pa4bvfwlw-kubectl-1.34.1-man",
              "default": true
            },
            {
              "name": "convert",
              "path": "/nix/store/b2i2xpyf726nvf0wznanvk9wx4kyhxn0-kubectl-1.34.1-convert"
            }
          ],
          "store_path": "/nix/store/kwyzcnrnmp32rh8yamhckddjnsyb7wv8-kubectl-1.34.1"
        },
        "x86_64-darwin": {
          "outputs": [
            {
              "name": "out",
              "path": "/nix/store/nsldgqqryn057z8356yip0lxnhhn7azy-kubectl-1.34.1",
              "default": true
            },
            {
              "name": "man",
              "path": "/nix/store/97ky0g57awcjskva2zyyczqvg5ab9iq4-kubectl-1.34.1-man",
              "default": true
            },
            {
              "name": "convert",
              "path": "/nix/store/wwy8yalmwwz6m2rjc2fasdihc83gh9kv-kubectl-1.34.1-convert"
            }
          ],
          "store_path": "/nix/store/nsldgqqryn057z8356yip0lxnhhn7azy-kubectl-1.34.1"
        },
        "x86_64-linux": {
          "outputs": [
            {
              "name": "out",
              "path": "/nix/store/5fs5bi2b03j7b1s05h317iszhm8q23x7-kubectl-1.34.1",
              "default": true
            },
            {
              "name": "man",
              "path": "/nix/store/zsl5hlc1rgy52ljdkl0f5vfcp4vfs9gr-kubectl-1.34.1-man",
              "default": true
            },
            {
              "name": "convert",
              "path": "/nix/store/0xapfmzqh1lwmm7xkwca43k5pr65p32b-kubectl-1.34.1-convert"
            }
          ],
          "store_path": "/nix/store/5fs5bi2b03j7b1s05h317iszhm8q23x7-kubectl-1.34.1"
        }
      }
    },
    "kustomize@5.7.1": {
      "last_modified": "2025-10-07T08:41:47Z",
      "resolved": "github:NixOS/nixpkgs/bce5fe2bb998488d8e7e7856315f90496723793c#kustomize",
      "source": "devbox-search",
      "version": "5.7.1",
      "systems": {
        "aarch64-darwin": {
          "outputs": [
            {
              "name": "out",
              "path": "/nix/store/n2laq06rwha0rw27jjmxhmwj04lv6409-kustomize-5.7.1",
              "default": true
            }
          ],
          "store_path": "/nix/store/n2laq06rwha0rw27jjmxhmwj04lv6409-kustomize-5.7.1"
        },
        "aarch64-linux": {
          "outputs": [
            {
              "name": "out",
              "path": "/nix/store/1bi3ifnqrpd3xz4m8bp2xp1831cgfks9-kustomize-5.7.1",
              "default": true
            }
          ],
          "store_path": "/nix/store/1bi3ifnqrpd3xz4m8bp2xp1831cgfks9-kustomize-5.7.1"
        },
        "x86_64-darwin": {
          "outputs": [
            {
              "name": "out",
              "path": "/nix/store/qg25vz4vbgv5zd4d3jc5zlyh4cnpvc7n-kustomize-5.7.1",
              "default": true
            }
          ],
          "store_path": "/nix/store/qg25vz4vbgv5zd4d3jc5zlyh4cnpvc7n-kustomize-5.7.1"
        },
        "x86_64-linux": {
          "outputs": [
            {
              "name": "out",
              "path": "/nix/store/xsgmcbab2dsp6lqs9maw79d9cs0wc4nz-kustomize-5.7.1",
              "default": true
            }
          ],
          "store_path": "/nix/store/xsgmcbab2dsp6lqs9maw79d9cs0wc4nz-kustomize-5.7.1"
        }
      }
    },
    "kyverno-chainsaw@0.2.13": {
      "last_modified": "2025-10-07T08:41:47Z",
      "resolved": "github:NixOS/nixpkgs/bce5fe2bb998488d8e7e7856315f90496723793c#kyverno-chainsaw",
      "source": "devbox-search",
      "version": "0.2.13",
      "systems": {
        "aarch64-darwin": {
          "outputs": [
            {
              "name": "out",
              "path": "/nix/store/8f3lh76sgdxaijwpij6csm5p5n15jwp4-kyverno-chainsaw-0.2.13",
              "default": true
            }
          ],
          "store_path": "/nix/store/8f3lh76sgdxaijwpij6csm5p5n15jwp4-kyverno-chainsaw-0.2.13"
        },
        "aarch64-linux": {
          "outputs": [
            {
              "name": "out",
              "path": "/nix/store/pmipjv8ag7za6990n3zg5d0phv6vjq21-kyverno-chainsaw-0.2.13",
              "default": true
            }
          ],
          "store_path": "/nix/store/pmipjv8ag7za6990n3zg5d0phv6vjq21-kyverno-chainsaw-0.2.13"
        },
        "x86_64-darwin": {
          "outputs": [
            {
              "name": "out",
              "path": "/nix/store/g26fh3ablgqmpr0pvqr32n9dhmdbh9qc-kyverno-chainsaw-0.2.13",
              "default": true
            }
          ],
          "store_path": "/nix/store/g26fh3ablgqmpr0pvqr32n9dhmdbh9qc-kyverno-chainsaw-0.2.13"
        },
        "x86_64-linux": {
          "outputs": [
            {
              "name": "out",
              "path": "/nix/store/6q72s82a56bxlkq2dwddpmamr31jb0lq-kyverno-chainsaw-0.2.13",
              "default": true
            }
          ],
          "store_path": "/nix/store/6q72s82a56bxlkq2dwddpmamr31jb0lq-kyverno-chainsaw-0.2.13"
        }
      }
    },
    "mockgen@1.6.0": {
      "last_modified": "2023-12-13T22:54:10Z",
      "resolved": "github:NixOS/nixpkgs/fd04bea4cbf76f86f244b9e2549fca066db8ddff#mockgen",
      "source": "devbox-search",
      "version": "1.6.0",
      "systems": {
        "aarch64-darwin": {
          "outputs": [
            {
              "name": "out",
              "path": "/nix/store/8jsr1j1h8g3k3j5rg8vv79aviffxrfny-mockgen-1.6.0",
              "default": true
            }
          ],
          "store_path": "/nix/store/8jsr1j1h8g3k3j5rg8vv79aviffxrfny-mockgen-1.6.0"
        },
        "aarch64-linux": {
          "outputs": [
            {
              "name": "out",
              "path": "/nix/store/34rrlc5lz43mibljdd7ai0qyi7zcq4ic-mockgen-1.6.0",
              "default": true
            }
          ],
          "store_path": "/nix/store/34rrlc5lz43mibljdd7ai0qyi7zcq4ic-mockgen-1.6.0"
        },
        "x86_64-darwin": {
          "outputs": [
            {
              "name": "out",
              "path": "/nix/store/cj1r5vllmiq7fh4izsmlacjrdkw2h4b5-mockgen-1.6.0",
              "default": true
            }
          ],
          "store_path": "/nix/store/cj1r5vllmiq7fh4izsmlacjrdkw2h4b5-mockgen-1.6.0"
        },
        "x86_64-linux": {
          "outputs": [
            {
              "name": "out",
              "path": "/nix/store/hs49h3p9ss5f5bqv6phgsx93s4cawif2-mockgen-1.6.0",
              "default": true
            }
          ],
          "store_path": "/nix/store/hs49h3p9ss5f5bqv6phgsx93s4cawif2-mockgen-1.6.0"
        }
      }
    },
    "openssl@3.5.2": {
      "last_modified": "2025-10-13T09:56:54Z",
      "resolved": "github:NixOS/nixpkgs/c12c63cd6c5eb34c7b4c3076c6a99e00fcab86ec#openssl",
      "source": "devbox-search",
      "version": "3.5.2",
      "systems": {
        "aarch64-darwin": {
          "outputs": [
            {
              "name": "bin",
              "path": "/nix/store/iyba5bmji77achwhhp0c1k35amki3iz8-openssl-3.5.2-bin",
              "default": true
            },
            {
              "name": "man",
              "path": "/nix/store/814aqaj5iqd6x9ij8driahid9mwi0yvh-openssl-3.5.2-man",
              "default": true
            },
            {
              "name": "dev",
              "path": "/nix/store/1i7klgpiazhlq7q6f361aqa3i5yysfhy-openssl-3.5.2-dev"
            },
            {
              "name": "doc",
              "path": "/nix/store/zzjqzzfv83yziqiv0x7qdjz1m8bsx4ii-openssl-3.5.2-doc"
            },
            {
              "name": "out",
              "path": "/nix/store/hxmkygn2zl0f2w9kbixmm50lsy60zya0-openssl-3.5.2"
            }
          ],
          "store_path": "/nix/store/iyba5bmji77achwhhp0c1k35amki3iz8-openssl-3.5.2-bin"
        },
        "aarch64-linux": {
          "outputs": [
            {
              "name": "bin",
              "path": "/nix/store/c86sfbcw9rsjq33w6p89i60whrcavd42-openssl-3.5.2-bin",
              "default": true
            },
            {
              "name": "man",
              "path": "/nix/store/w4cfycgfl4bx31ivf8crjzpj7f3lqcpa-openssl-3.5.2-man",
              "default": true
            },
            {
              "name": "debug",
              "path": "/nix/store/3lfcl34lz6qxh143q3gkykdkdc3jgnn5-openssl-3.5.2-debug"
            },
            {
              "name": "dev",
              "path": "/nix/store/ch4i86pqg8v5zcyg8ci728jxbhyvmhvi-openssl-3.5.2-dev"
            },
            {
              "name": "doc",
              "path": "/nix/store/f5xhcyc4drgpm7q62zac3fssiym6r3sn-openssl-3.5.2-doc"
            },
            {
              "name": "out",
              "path": "/nix/store/finfj1yabyy8q87kpf4scdqmxdrq7qmf-openssl-3.5.2"
            }
          ],
          "store_path": "/nix/store/c86sfbcw9rsjq33w6p89i60whrcavd42-openssl-3.5.2-bin"
        },
        "x86_64-darwin": {
          "outputs": [
            {
              "name": "bin",
              "path": "/nix/store/v68l8qj86n0yyvvv6ps0hxv1viwbn0yw-openssl-3.5.2-bin",
              "default": true
            },
            {
              "name": "man",
              "path": "/nix/store/5imfgrvzgra1v0h9rf0min2y522ghlgx-openssl-3.5.2-man",
              "default": true
            },
            {
              "name": "dev",
              "path": "/nix/store/bpc76dzbj75a46gvfi1qwp5k63hbxyn2-openssl-3.5.2-dev"
            },
            {
              "name": "doc",
              "path": "/nix/store/ky2dyyqhnq4gv11pl5wbv8m1jxa73j1y-openssl-3.5.2-doc"
            },
            {
              "name": "out",
              "path": "/nix/store/b791qlzdzhxyp8yb30xgivx5jfifglr5-openssl-3.5.2"
            }
          ],
          "store_path": "/nix/store/v68l8qj86n0yyvvv6ps0hxv1viwbn0yw-openssl-3.5.2-bin"
        },
        "x86_64-linux": {
          "outputs": [
            {
              "name": "bin",
              "path": "/nix/store/3kasb92ri5cmp7gwxgj8jgk87pr83y7p-openssl-3.5.2-bin",
              "default": true
            },
            {
              "name": "man",
              "path": "/nix/store/43nmidiphlzywh223q871b43gah77gvp-openssl-3.5.2-man",
              "default": true
            },
            {
              "name": "debug",
              "path": "/nix/store/kis9gnnp4cpkj3gzz8as8x4mdjy048rr-openssl-3.5.2-debug"
            },
            {
              "name": "dev",
              "path": "/nix/store/cz9k6nhxjppa1kmyf5npd0g8l89xzilw-openssl-3.5.2-dev"
            },
            {
              "name": "doc",
              "path": "/nix/store/6il0fcxzqlgnv18sdis5i3g42cqg9vw6-openssl-3.5.2-doc"
            },
            {
              "name": "out",
              "path": "/nix/store/0837wpkjb27cr70bi3pc4g2rw5v9r63l-openssl-3.5.2"
            }
          ],
          "store_path": "/nix/store/3kasb92ri5cmp7gwxgj8jgk87pr83y7p-openssl-3.5.2-bin"
        }
      }
    },
    "yq-go@4.48.1": {
      "last_modified": "2025-10-12T08:13:11Z",
      "resolved": "github:NixOS/nixpkgs/832e3b6db48508ae436c2c7bfc0cf914eac6938e#yq-go",
      "source": "devbox-search",
      "version": "4.48.1",
      "systems": {
        "aarch64-darwin": {
          "outputs": [
            {
              "name": "out",
              "path": "/nix/store/cis6x044wpmg1xkdzbw4ba7j4x4nkwlz-yq-go-4.48.1",
              "default": true
            }
          ],
          "store_path": "/nix/store/cis6x044wpmg1xkdzbw4ba7j4x4nkwlz-yq-go-4.48.1"
        },
        "aarch64-linux": {
          "outputs": [
            {
              "name": "out",
              "path": "/nix/store/r7jrra6ssppk23659xrrn4zxvmkawdna-yq-go-4.48.1",
              "default": true
            }
          ],
          "store_path": "/nix/store/r7jrra6ssppk23659xrrn4zxvmkawdna-yq-go-4.48.1"
        },
        "x86_64-darwin": {
          "outputs": [
            {
              "name": "out",
              "path": "/nix/store/nqa74cz3q0y980gd2pymfgbdmacgck1a-yq-go-4.48.1",
              "default": true
            }
          ],
          "store_path": "/nix/store/nqa74cz3q0y980gd2pymfgbdmacgck1a-yq-go-4.48.1"
        },
        "x86_64-linux": {
          "outputs": [
            {
              "name": "out",
              "path": "/nix/store/xgkiq4mfp02pfpf5jlqm0cwp1g3njxw4-yq-go-4.48.1",
              "default": true
            }
          ],
          "store_path": "/nix/store/xgkiq4mfp02pfpf5jlqm0cwp1g3njxw4-yq-go-4.48.1"
        }
      }
    }
  }
}
