{
  "lockfile_version": "1",
  "packages": {
    "clusterctl@latest": {
      "last_modified": "2024-06-12T20:55:33Z",
      "resolved": "github:NixOS/nixpkgs/a9858885e197f984d92d7fe64e9fff6b2e488d40#clusterctl",
      "source": "devbox-search",
      "version": "1.7.2",
      "systems": {
        "aarch64-darwin": {
          "outputs": [
            {
              "name": "out",
              "path": "/nix/store/c39ddrc1jsx9di3d05gkcrflwlawz3mp-clusterctl-1.7.2",
              "default": true
            }
          ],
          "store_path": "/nix/store/c39ddrc1jsx9di3d05gkcrflwlawz3mp-clusterctl-1.7.2"
        },
        "aarch64-linux": {
          "outputs": [
            {
              "name": "out",
              "path": "/nix/store/0pkgmh4i5p8pd5jjv22b13r8gwbfzq84-clusterctl-1.7.2",
              "default": true
            }
          ],
          "store_path": "/nix/store/0pkgmh4i5p8pd5jjv22b13r8gwbfzq84-clusterctl-1.7.2"
        },
        "x86_64-darwin": {
          "outputs": [
            {
              "name": "out",
              "path": "/nix/store/3bw0mzsz1vbq1bxrvpcm9h08zxvj3pxn-clusterctl-1.7.2",
              "default": true
            }
          ],
          "store_path": "/nix/store/3bw0mzsz1vbq1bxrvpcm9h08zxvj3pxn-clusterctl-1.7.2"
        },
        "x86_64-linux": {
          "outputs": [
            {
              "name": "out",
              "path": "/nix/store/pbrpyv3ixg267ywb3f7pk54rhz8j83n1-clusterctl-1.7.2",
              "default": true
            }
          ],
          "store_path": "/nix/store/pbrpyv3ixg267ywb3f7pk54rhz8j83n1-clusterctl-1.7.2"
        }
      }
    },
    "ctlptl@latest": {
      "last_modified": "2024-06-12T20:55:33Z",
      "resolved": "github:NixOS/nixpkgs/a9858885e197f984d92d7fe64e9fff6b2e488d40#ctlptl",
      "source": "devbox-search",
      "version": "0.8.29",
      "systems": {
        "aarch64-darwin": {
          "outputs": [
            {
              "name": "out",
              "path": "/nix/store/ajjn0wwyaijbwc81w9qdg0m6g7wn29nl-ctlptl-0.8.29",
              "default": true
            }
          ],
          "store_path": "/nix/store/ajjn0wwyaijbwc81w9qdg0m6g7wn29nl-ctlptl-0.8.29"
        },
        "aarch64-linux": {
          "outputs": [
            {
              "name": "out",
              "path": "/nix/store/yrhd1qxwd1m8pi9nrq7690phv8r8rc92-ctlptl-0.8.29",
              "default": true
            }
          ],
          "store_path": "/nix/store/yrhd1qxwd1m8pi9nrq7690phv8r8rc92-ctlptl-0.8.29"
        },
        "x86_64-darwin": {
          "outputs": [
            {
              "name": "out",
              "path": "/nix/store/hi8in8sa16jk730wr08vwvcx3jy9w4sl-ctlptl-0.8.29",
              "default": true
            }
          ],
          "store_path": "/nix/store/hi8in8sa16jk730wr08vwvcx3jy9w4sl-ctlptl-0.8.29"
        },
        "x86_64-linux": {
          "outputs": [
            {
              "name": "out",
              "path": "/nix/store/gcwlq87x6jvpxmr9yd84cpfzkzjn7gyd-ctlptl-0.8.29",
              "default": true
            }
          ],
          "store_path": "/nix/store/gcwlq87x6jvpxmr9yd84cpfzkzjn7gyd-ctlptl-0.8.29"
        }
      }
    },
    "envsubst@latest": {
      "last_modified": "2024-06-12T20:55:33Z",
      "resolved": "github:NixOS/nixpkgs/a9858885e197f984d92d7fe64e9fff6b2e488d40#envsubst",
      "source": "devbox-search",
      "version": "1.4.2",
      "systems": {
        "aarch64-darwin": {
          "outputs": [
            {
              "name": "out",
              "path": "/nix/store/jjhqb13kslc4kyja9b46n7hs3idrd4pa-envsubst-1.4.2",
              "default": true
            }
          ],
          "store_path": "/nix/store/jjhqb13kslc4kyja9b46n7hs3idrd4pa-envsubst-1.4.2"
        },
        "aarch64-linux": {
          "outputs": [
            {
              "name": "out",
              "path": "/nix/store/m295g6k1hjz06rf2pdzjqw7zl63bqxn4-envsubst-1.4.2",
              "default": true
            }
          ],
          "store_path": "/nix/store/m295g6k1hjz06rf2pdzjqw7zl63bqxn4-envsubst-1.4.2"
        },
        "x86_64-darwin": {
          "outputs": [
            {
              "name": "out",
              "path": "/nix/store/m7k4fbqlkmkq8lvaicmswzmm2dyw8zl9-envsubst-1.4.2",
              "default": true
            }
          ],
          "store_path": "/nix/store/m7k4fbqlkmkq8lvaicmswzmm2dyw8zl9-envsubst-1.4.2"
        },
        "x86_64-linux": {
          "outputs": [
            {
              "name": "out",
              "path": "/nix/store/a2vdk4ln2i9zqk43mr8rj2wsf2qvp91v-envsubst-1.4.2",
              "default": true
            }
          ],
          "store_path": "/nix/store/a2vdk4ln2i9zqk43mr8rj2wsf2qvp91v-envsubst-1.4.2"
        }
      }
    },
    "ginkgo@latest": {
      "last_modified": "2024-06-12T20:55:33Z",
      "resolved": "github:NixOS/nixpkgs/a9858885e197f984d92d7fe64e9fff6b2e488d40#ginkgo",
      "source": "devbox-search",
      "version": "2.19.0",
      "systems": {
        "aarch64-darwin": {
          "outputs": [
            {
              "name": "out",
              "path": "/nix/store/h75mhfhjw16m4gslqks1y054dwwl6alb-ginkgo-2.19.0",
              "default": true
            }
          ],
          "store_path": "/nix/store/h75mhfhjw16m4gslqks1y054dwwl6alb-ginkgo-2.19.0"
        },
        "aarch64-linux": {
          "outputs": [
            {
              "name": "out",
              "path": "/nix/store/xxjv8bkbrnq2aia7iyfi8mn0m98s8vqa-ginkgo-2.19.0",
              "default": true
            }
          ],
          "store_path": "/nix/store/xxjv8bkbrnq2aia7iyfi8mn0m98s8vqa-ginkgo-2.19.0"
        },
        "x86_64-darwin": {
          "outputs": [
            {
              "name": "out",
              "path": "/nix/store/y59h1y9fh99xv55al03finhw51csga6f-ginkgo-2.19.0",
              "default": true
            }
          ],
          "store_path": "/nix/store/y59h1y9fh99xv55al03finhw51csga6f-ginkgo-2.19.0"
        },
        "x86_64-linux": {
          "outputs": [
            {
              "name": "out",
              "path": "/nix/store/76l41m13qv8s89xq3njj8pacyv5r8gkm-ginkgo-2.19.0",
              "default": true
            }
          ],
          "store_path": "/nix/store/76l41m13qv8s89xq3njj8pacyv5r8gkm-ginkgo-2.19.0"
        }
      }
    },
    "go_1_22@latest": {
      "last_modified": "2024-04-02T02:53:36Z",
      "resolved": "github:NixOS/nixpkgs/080a4a27f206d07724b88da096e27ef63401a504#go",
      "source": "devbox-search",
      "version": "1.22.1",
      "systems": {
        "aarch64-darwin": {
          "outputs": [
            {
              "name": "out",
              "path": "/nix/store/pi4myqk3ssdk2lp6z05h3yywknlr07i5-go-1.22.1",
              "default": true
            }
          ],
          "store_path": "/nix/store/pi4myqk3ssdk2lp6z05h3yywknlr07i5-go-1.22.1"
        },
        "aarch64-linux": {
          "outputs": [
            {
              "name": "out",
              "path": "/nix/store/f6wjnm79kazrf8qrg7wjx1va9h874j5a-go-1.22.1",
              "default": true
            }
          ],
          "store_path": "/nix/store/f6wjnm79kazrf8qrg7wjx1va9h874j5a-go-1.22.1"
        },
        "x86_64-darwin": {
          "outputs": [
            {
              "name": "out",
              "path": "/nix/store/lpn4pj00xpvjnr1zlz9xq76r686n16jy-go-1.22.1",
              "default": true
            }
          ],
          "store_path": "/nix/store/lpn4pj00xpvjnr1zlz9xq76r686n16jy-go-1.22.1"
        },
        "x86_64-linux": {
          "outputs": [
            {
              "name": "out",
              "path": "/nix/store/mzg3cka0bbr5jq96ysymwziw74fnk22m-go-1.22.1",
              "default": true
            }
          ],
          "store_path": "/nix/store/mzg3cka0bbr5jq96ysymwziw74fnk22m-go-1.22.1"
        }
      }
    },
    "kind@latest": {
      "last_modified": "2024-06-12T20:55:33Z",
      "resolved": "github:NixOS/nixpkgs/a9858885e197f984d92d7fe64e9fff6b2e488d40#kind",
      "source": "devbox-search",
      "version": "0.23.0",
      "systems": {
        "aarch64-darwin": {
          "outputs": [
            {
              "name": "out",
              "path": "/nix/store/vnsdfvbyxjlwbzf1xczvmvrbrs158a80-kind-0.23.0",
              "default": true
            }
          ],
          "store_path": "/nix/store/vnsdfvbyxjlwbzf1xczvmvrbrs158a80-kind-0.23.0"
        },
        "aarch64-linux": {
          "outputs": [
            {
              "name": "out",
              "path": "/nix/store/5ls2nqxwi99zrs40r4s978lcxxdlm3bm-kind-0.23.0",
              "default": true
            }
          ],
          "store_path": "/nix/store/5ls2nqxwi99zrs40r4s978lcxxdlm3bm-kind-0.23.0"
        },
        "x86_64-darwin": {
          "outputs": [
            {
              "name": "out",
              "path": "/nix/store/syn6mx80j8264dai7fd9waq869fz63bd-kind-0.23.0",
              "default": true
            }
          ],
          "store_path": "/nix/store/syn6mx80j8264dai7fd9waq869fz63bd-kind-0.23.0"
        },
        "x86_64-linux": {
          "outputs": [
            {
              "name": "out",
              "path": "/nix/store/rjs322y657zfgz4bv1wr6g25ynxxa8kr-kind-0.23.0",
              "default": true
            }
          ],
          "store_path": "/nix/store/rjs322y657zfgz4bv1wr6g25ynxxa8kr-kind-0.23.0"
        }
      }
    },
    "kubectl@latest": {
      "last_modified": "2024-06-15T05:08:39Z",
      "resolved": "github:NixOS/nixpkgs/e6cea36f83499eb4e9cd184c8a8e823296b50ad5#kubectl",
      "source": "devbox-search",
      "version": "1.30.2",
      "systems": {
        "aarch64-darwin": {
          "outputs": [
            {
              "name": "out",
              "path": "/nix/store/m0gbfz9gik98yzhgcd6xidciy6cx97db-kubectl-1.30.2",
              "default": true
            },
            {
              "name": "man",
              "path": "/nix/store/rlhd3f9cp4dr9hbgla1cxrjf3xpb10nz-kubectl-1.30.2-man",
              "default": true
            },
            {
              "name": "convert",
              "path": "/nix/store/c4gfbvanvb8gvjy4aaf72b1q02k9s05x-kubectl-1.30.2-convert"
            }
          ],
          "store_path": "/nix/store/m0gbfz9gik98yzhgcd6xidciy6cx97db-kubectl-1.30.2"
        },
        "aarch64-linux": {
          "outputs": [
            {
              "name": "out",
              "path": "/nix/store/xapz2mx1cz0waydn2c4d0909gxi86x1z-kubectl-1.30.2",
              "default": true
            },
            {
              "name": "man",
              "path": "/nix/store/m9j55k3ljhzdabckfvfna8wcxjqh3bj7-kubectl-1.30.2-man",
              "default": true
            },
            {
              "name": "convert",
              "path": "/nix/store/nwdry7pfxjddsfajj3hp0lz32vj1yc07-kubectl-1.30.2-convert"
            }
          ],
          "store_path": "/nix/store/xapz2mx1cz0waydn2c4d0909gxi86x1z-kubectl-1.30.2"
        },
        "x86_64-darwin": {
          "outputs": [
            {
              "name": "out",
              "path": "/nix/store/xz4glrff9rjyai98zkzf4x1r854f5p18-kubectl-1.30.2",
              "default": true
            },
            {
              "name": "man",
              "path": "/nix/store/icza9d5c34sjhai6h5z42rxz5yc206dz-kubectl-1.30.2-man",
              "default": true
            },
            {
              "name": "convert",
              "path": "/nix/store/70qir3fkkpq4zkymzw3r8nf6x3x2zbf7-kubectl-1.30.2-convert"
            }
          ],
          "store_path": "/nix/store/xz4glrff9rjyai98zkzf4x1r854f5p18-kubectl-1.30.2"
        },
        "x86_64-linux": {
          "outputs": [
            {
              "name": "out",
              "path": "/nix/store/a9ap9aay0smjsgrs2wlza4375zg28ci5-kubectl-1.30.2",
              "default": true
            },
            {
              "name": "man",
              "path": "/nix/store/hx19q9wnhnwlqj5995qj42b1m4dv7qz7-kubectl-1.30.2-man",
              "default": true
            },
            {
              "name": "convert",
              "path": "/nix/store/9ms9azzhws45fzbjks1m888i50x1hgl0-kubectl-1.30.2-convert"
            }
          ],
          "store_path": "/nix/store/a9ap9aay0smjsgrs2wlza4375zg28ci5-kubectl-1.30.2"
        }
      }
    },
    "kustomize@latest": {
      "last_modified": "2024-06-12T20:55:33Z",
      "resolved": "github:NixOS/nixpkgs/a9858885e197f984d92d7fe64e9fff6b2e488d40#kustomize",
      "source": "devbox-search",
      "version": "5.4.2",
      "systems": {
        "aarch64-darwin": {
          "outputs": [
            {
              "name": "out",
              "path": "/nix/store/fh8assfk9p4kjjfi7ndav94jv0kkgzfw-kustomize-5.4.2",
              "default": true
            }
          ],
          "store_path": "/nix/store/fh8assfk9p4kjjfi7ndav94jv0kkgzfw-kustomize-5.4.2"
        },
        "aarch64-linux": {
          "outputs": [
            {
              "name": "out",
              "path": "/nix/store/wxzg6kz0380ll23wsb45ryhnylca9pal-kustomize-5.4.2",
              "default": true
            }
          ],
          "store_path": "/nix/store/wxzg6kz0380ll23wsb45ryhnylca9pal-kustomize-5.4.2"
        },
        "x86_64-darwin": {
          "outputs": [
            {
              "name": "out",
              "path": "/nix/store/ihw5j9i5fx5c1z998v61r9yjx06a80ks-kustomize-5.4.2",
              "default": true
            }
          ],
          "store_path": "/nix/store/ihw5j9i5fx5c1z998v61r9yjx06a80ks-kustomize-5.4.2"
        },
        "x86_64-linux": {
          "outputs": [
            {
              "name": "out",
              "path": "/nix/store/jvm04lshhsgd1fgd5i1j1bfhlyacrmgj-kustomize-5.4.2",
              "default": true
            }
          ],
          "store_path": "/nix/store/jvm04lshhsgd1fgd5i1j1bfhlyacrmgj-kustomize-5.4.2"
        }
      }
    },
    "kyverno-chainsaw@latest": {
      "last_modified": "2024-06-12T20:55:33Z",
      "resolved": "github:NixOS/nixpkgs/a9858885e197f984d92d7fe64e9fff6b2e488d40#kyverno-chainsaw",
      "source": "devbox-search",
      "version": "0.2.3",
      "systems": {
        "aarch64-darwin": {
          "outputs": [
            {
              "name": "out",
              "path": "/nix/store/kfq3cnk264nfx26s99d0ps6szpp98985-kyverno-chainsaw-0.2.3",
              "default": true
            }
          ],
          "store_path": "/nix/store/kfq3cnk264nfx26s99d0ps6szpp98985-kyverno-chainsaw-0.2.3"
        },
        "aarch64-linux": {
          "outputs": [
            {
              "name": "out",
              "path": "/nix/store/cgismmzrmnr2ls8nadq2pnx6yb90amk2-kyverno-chainsaw-0.2.3",
              "default": true
            }
          ],
          "store_path": "/nix/store/cgismmzrmnr2ls8nadq2pnx6yb90amk2-kyverno-chainsaw-0.2.3"
        },
        "x86_64-darwin": {
          "outputs": [
            {
              "name": "out",
              "path": "/nix/store/sij31z5g617p7mhyi9rimj7jdhjzircy-kyverno-chainsaw-0.2.3",
              "default": true
            }
          ],
          "store_path": "/nix/store/sij31z5g617p7mhyi9rimj7jdhjzircy-kyverno-chainsaw-0.2.3"
        },
        "x86_64-linux": {
          "outputs": [
            {
              "name": "out",
              "path": "/nix/store/p0h1mc9d5anw28rihmqnqgv4djswm9iz-kyverno-chainsaw-0.2.3",
              "default": true
            }
          ],
          "store_path": "/nix/store/p0h1mc9d5anw28rihmqnqgv4djswm9iz-kyverno-chainsaw-0.2.3"
        }
      }
    },
    "yq-go@latest": {
      "last_modified": "2024-06-17T06:49:48Z",
      "resolved": "github:NixOS/nixpkgs/38d3352a65ac9d621b0cd3074d3bef27199ff78f#yq-go",
      "source": "devbox-search",
      "version": "4.44.2",
      "systems": {
        "aarch64-darwin": {
          "outputs": [
            {
              "name": "out",
              "path": "/nix/store/yshmap37pbnb28xjh0fl8nvi3wy7rak2-yq-go-4.44.2",
              "default": true
            }
          ],
          "store_path": "/nix/store/yshmap37pbnb28xjh0fl8nvi3wy7rak2-yq-go-4.44.2"
        },
        "aarch64-linux": {
          "outputs": [
            {
              "name": "out",
              "path": "/nix/store/kp4jkyknj5gd1g6pyv8f1bxnjf02b4la-yq-go-4.44.2",
              "default": true
            }
          ],
          "store_path": "/nix/store/kp4jkyknj5gd1g6pyv8f1bxnjf02b4la-yq-go-4.44.2"
        },
        "x86_64-darwin": {
          "outputs": [
            {
              "name": "out",
              "path": "/nix/store/2bprwhjj9q4g1qkbm89ckkrc2f0wdrl9-yq-go-4.44.2",
              "default": true
            }
          ],
          "store_path": "/nix/store/2bprwhjj9q4g1qkbm89ckkrc2f0wdrl9-yq-go-4.44.2"
        },
        "x86_64-linux": {
          "outputs": [
            {
              "name": "out",
              "path": "/nix/store/pj4h8b49yi3w2wkdmxvm86slmv4cpcbv-yq-go-4.44.2",
              "default": true
            }
          ],
          "store_path": "/nix/store/pj4h8b49yi3w2wkdmxvm86slmv4cpcbv-yq-go-4.44.2"
        }
      }
    }
  }
}
