# This file is autogenerated, do not edit; changes may be undone by the next 'dep ensure'.


[[projects]]
  branch = "err"
  digest = "1:b459157e72137308f58907e988ce9ebc76a6092f674209938cf8f6434569d445"
  name = "github.com/appscode/go"
  packages = [
    "log/golog",
    "runtime",
    "version",
  ]
  pruneopts = "T"
  revision = "78f1c9091ddd78d1ae6f78d6834d388978a3b64a"

[[projects]]
  digest = "1:cf4f5171128e62b46299b0a7cd79543f50e62f483d2ca9364e4957c7bbee7a38"
  name = "github.com/container-storage-interface/spec"
  packages = ["lib/go/csi/v0"]
  pruneopts = "T"
  revision = "2178fdeea87f1150a17a63252eee28d4d8141f72"
  version = "v0.3.0"

[[projects]]
  digest = "1:db75a69de4ec9894004a7a89f62ec570d4c626e33af5dc30ab10090674b7f283"
  name = "github.com/cpuguy83/go-md2man"
  packages = ["md2man"]
  pruneopts = "T"
  revision = "71acacd42f85e5e82f70a55327789582a5200a90"
  version = "v1.0.4"

[[projects]]
  branch = "master"
  digest = "1:1dda70f2ad66dae078e8620e0a4e5853a1359e70d828f3f77f1af70278864006"
  name = "github.com/go-resty/resty"
  packages = ["."]
  pruneopts = "T"
  revision = "26202511b488664d6258b45cd363139f1601e679"

[[projects]]
  digest = "1:2edd2416f89b4e841df0e4a78802ce14d2bc7ad79eba1a45986e39f0f8cb7d87"
  name = "github.com/golang/glog"
  packages = ["."]
  pruneopts = "T"
  revision = "44145f04b68cf362d9c4df2182967c2275eaefed"

[[projects]]
  digest = "1:832e17df5ff8bbe0e0693d2fb46c5e53f96c662ee804049ce3ab6557df74e3ab"
  name = "github.com/golang/protobuf"
  packages = [
    "proto",
    "ptypes",
    "ptypes/any",
    "ptypes/duration",
    "ptypes/timestamp",
    "ptypes/wrappers",
  ]
  pruneopts = "T"
  revision = "b4deda0973fb4c70b50d226b1af49f3da59f5265"
  version = "v1.1.0"

[[projects]]
  digest = "1:870d441fe217b8e689d7949fef6e43efbc787e50f200cb1e70dbca9204a1d6be"
  name = "github.com/inconshreveable/mousetrap"
  packages = ["."]
  pruneopts = "T"
  revision = "76626ae9c91c4f2a10f34cad8ce83ea42c93bb75"
  version = "v1.0"

[[projects]]
  branch = "linode"
  digest = "1:c8c187c2cb3f8b0c455abb5db023a454f6ff41fce74a47ca46dc07f19cd4295e"
  name = "github.com/kubernetes-csi/csi-test"
  packages = [
    "pkg/sanity",
    "utils",
  ]
  pruneopts = "T"
  revision = "a98074fc36a71bd0da2601c36ec00e35c5c18980"
  source = "https://github.com/pharmer/csi-test.git"

[[projects]]
  digest = "1:1c88ec29544b281964ed7a9a365b2802a523cd06c50cdee87eb3eec89cd864f4"
  name = "github.com/kubernetes/repo-infra"
  packages = ["verify/boilerplate/test"]
  pruneopts = "T"
  revision = "c2f9667a4c29e70a39b0e89db2d4f0cab907dbee"

[[projects]]
  digest = "1:719c492f62f5b31816ae8315747fca291bf051588c76f39518dc91b7a07b1d5c"
  name = "github.com/linode/linodego"
  packages = ["."]
  pruneopts = "T"
  revision = "7edbc87f0140b7561dbc20458877a56bdded5eb8"
  version = "v0.3.0"

[[projects]]
  digest = "1:b6a86e76afb80d2eda55b4222b8c848d7f465c65f6142525ed523fffebd2305d"
  name = "github.com/onsi/ginkgo"
  packages = [
    ".",
    "config",
    "internal/codelocation",
    "internal/containernode",
    "internal/failer",
    "internal/leafnodes",
    "internal/remote",
    "internal/spec",
    "internal/spec_iterator",
    "internal/specrunner",
    "internal/suite",
    "internal/testingtproxy",
    "internal/writer",
    "reporters",
    "reporters/stenographer",
    "reporters/stenographer/support/go-colorable",
    "reporters/stenographer/support/go-isatty",
    "types",
  ]
  pruneopts = "T"
  revision = "fa5fabab2a1bfbd924faf4c067d07ae414e2aedf"
  version = "v1.5.0"

[[projects]]
  digest = "1:7343b611a01c3276e8d1bb69b38f94014dbe6bf92df545b069808f7e7531b802"
  name = "github.com/onsi/gomega"
  packages = [
    ".",
    "format",
    "internal/assertion",
    "internal/asyncassertion",
    "internal/oraclematcher",
    "internal/testingtsupport",
    "matchers",
    "matchers/support/goraph/bipartitegraph",
    "matchers/support/goraph/edge",
    "matchers/support/goraph/node",
    "matchers/support/goraph/util",
    "types",
  ]
  pruneopts = "T"
  revision = "b6ea1ea48f981d0f615a154a45eabb9dd466556d"
  version = "v1.4.1"

[[projects]]
  digest = "1:3c1cee1877a8e6ee44c2f98e20b11a8ecb0de71ab21d4efb7c7841afcb82a96b"
  name = "github.com/russross/blackfriday"
  packages = ["."]
  pruneopts = "T"
  revision = "4048872b16cc0fc2c5fd9eacf0ed2c2fedaa0c8c"
  version = "v1.5"

[[projects]]
  digest = "1:e3bb58bcd5cf318d91ccdb290fd8e0e78d16add716b1ccf861fed19c1551fde0"
  name = "github.com/sirupsen/logrus"
  packages = ["."]
  pruneopts = "T"
  revision = "3e01752db0189b9157070a0e1668a620f9a85da2"
  version = "v1.0.6"

[[projects]]
  digest = "1:8be8b3743fc9795ec21bbd3e0fc28ff6234018e1a269b0a7064184be95ac13e0"
  name = "github.com/spf13/cobra"
  packages = [
    ".",
    "doc",
  ]
  pruneopts = "T"
  revision = "ef82de70bb3f60c65fb8eebacbb2d122ef517385"
  version = "v0.0.3"

[[projects]]
  digest = "1:9ba911fe3884995431690e7eb180cf848da0d637ba5f61711783b795d031793f"
  name = "github.com/spf13/pflag"
  packages = ["."]
  pruneopts = "T"
  revision = "9a97c102cda95a86cec2345a6f09f55a939babf5"
  version = "v1.0.2"

[[projects]]
  digest = "1:c18b118186ec3a42ccb4bc86c69e87c0052bb46ac4ac547f74d94453ab4acde2"
  name = "golang.org/x/crypto"
  packages = ["ssh/terminal"]
  pruneopts = "T"
  revision = "49796115aa4b964c318aad4f3084fdb41e9aa067"

[[projects]]
  digest = "1:845ca9c2f0559a93cc053237bb0bbd07a72bf001e6e9c4e3c6eae9c85300085d"
  name = "golang.org/x/net"
  packages = [
    "context",
    "html",
    "html/atom",
    "html/charset",
    "http2",
    "http2/hpack",
    "idna",
    "internal/timeseries",
    "lex/httplex",
    "publicsuffix",
    "trace",
  ]
  pruneopts = "T"
  revision = "1c05540f6879653db88113bc4a2b70aec4bd491f"

[[projects]]
  digest = "1:f4fd1b7983a4894da440dba915e41cbed9a12552f42cfcf11ce2842e34ee37a7"
  name = "golang.org/x/oauth2"
  packages = [
    ".",
    "internal",
  ]
  pruneopts = "T"
  revision = "a6bd8cefa1811bd24b86f8902872e4e8225f74c4"

[[projects]]
  branch = "master"
  digest = "1:aa85c5c8c3b9a19a3cb166ddd6b20189dad22efd36c6c03f61440f7a81aed8bd"
  name = "golang.org/x/sys"
  packages = [
    "unix",
    "windows",
  ]
  pruneopts = "T"
  revision = "98c5dad5d1a0e8a73845ecc8897d0bd56586511d"

[[projects]]
  digest = "1:33aef9f16c7385ddbffa0c525114412ecc24707b850e9659b3809497719340b7"
  name = "golang.org/x/text"
  packages = [
    "encoding",
    "encoding/charmap",
    "encoding/htmlindex",
    "encoding/internal",
    "encoding/internal/identifier",
    "encoding/japanese",
    "encoding/korean",
    "encoding/simplifiedchinese",
    "encoding/traditionalchinese",
    "encoding/unicode",
    "internal/gen",
    "internal/tag",
    "internal/triegen",
    "internal/ucd",
    "internal/utf8internal",
    "language",
    "runes",
    "secure/bidirule",
    "transform",
    "unicode/bidi",
    "unicode/cldr",
    "unicode/norm",
    "unicode/rangetable",
  ]
  pruneopts = "T"
  revision = "b19bf474d317b857955b12035d2c5acb57ce8b01"

[[projects]]
  digest = "1:3513d5d9077f029aedb77b2e59fc6fb571f0b145581e0ea5c1d365025278083f"
  name = "google.golang.org/appengine"
  packages = [
    "internal",
    "internal/base",
    "internal/datastore",
    "internal/log",
    "internal/remote_api",
    "internal/urlfetch",
    "urlfetch",
  ]
  pruneopts = "T"
  revision = "4f7eeb5305a4ba1966344836ba4af9996b7b4e05"

[[projects]]
  digest = "1:894f1f2ed37bc33f942c9223e9b3e274d4e79475bed9c65a6c21cccb528909f1"
  name = "google.golang.org/genproto"
  packages = ["googleapis/rpc/status"]
  pruneopts = "T"
  revision = "09f6ed296fc66555a25fe4ce95173148778dfa85"

[[projects]]
  digest = "1:a985c4820889930a08c19181d2aeb1c57ab1929bce7a66b781109dd1db8fb433"
  name = "google.golang.org/grpc"
  packages = [
    ".",
    "balancer",
    "balancer/base",
    "balancer/roundrobin",
    "codes",
    "connectivity",
    "credentials",
    "encoding",
    "encoding/proto",
    "grpclog",
    "internal",
    "internal/backoff",
    "internal/channelz",
    "internal/envconfig",
    "internal/grpcrand",
    "internal/transport",
    "keepalive",
    "metadata",
    "naming",
    "peer",
    "resolver",
    "resolver/dns",
    "resolver/passthrough",
    "stats",
    "status",
    "tap",
  ]
  pruneopts = "T"
  revision = "32fb0ac620c32ba40a4626ddf94d90d12cce3455"
  version = "v1.14.0"

[[projects]]
  digest = "1:342378ac4dcb378a5448dd723f0784ae519383532f5e70ade24132c4c8693202"
  name = "gopkg.in/yaml.v2"
  packages = ["."]
  pruneopts = "T"
  revision = "5420a8b6744d3b0345ab293f6fcba19c978f1183"
  version = "v2.2.1"

[solve-meta]
  analyzer-name = "dep"
  analyzer-version = 1
  input-imports = [
    "github.com/appscode/go/log/golog",
    "github.com/appscode/go/runtime",
    "github.com/appscode/go/version",
    "github.com/container-storage-interface/spec/lib/go/csi/v0",
    "github.com/golang/glog",
    "github.com/kubernetes-csi/csi-test/pkg/sanity",
    "github.com/kubernetes/repo-infra/verify/boilerplate/test",
    "github.com/linode/linodego",
    "github.com/sirupsen/logrus",
    "github.com/spf13/cobra",
    "github.com/spf13/cobra/doc",
    "github.com/spf13/pflag",
    "golang.org/x/oauth2",
    "google.golang.org/grpc",
    "google.golang.org/grpc/codes",
    "google.golang.org/grpc/status",
  ]
  solver-name = "gps-cdcl"
  solver-version = 1
